
Microsoft Visual Studio Solution File, Format Version 12.00
# Visual Studio Version 17
VisualStudioVersion = 17.4.33205.214
MinimumVisualStudioVersion = 10.0.40219.1
Project("{9A19103F-16F7-4668-BE54-9A1E7A4F7556}") = "CS-Backpack", "CS-Backpack\CS-Backpack.csproj", "{3EFB2CC9-E6CE-4572-BB46-B27AC35C055E}"
EndProject
Project("{9A19103F-16F7-4668-BE54-9A1E7A4F7556}") = "CS-LogHook", "CS-LogHook\CS-LogHook.csproj", "{C599E889-5DCE-4DC0-B747-691D5A8DE046}"
EndProject
Project("{D954291E-2A0B-460D-934E-DC6B0785DB48}") = "Global", "Global\Global.shproj", "{59C0551E-A72C-49A7-9D79-EBE6D9EA2280}"
EndProject
Global
	GlobalSection(SolutionConfigurationPlatforms) = preSolution
		Debug|Any CPU = Debug|Any CPU
		Release|Any CPU = Release|Any CPU
	EndGlobalSection
	GlobalSection(ProjectConfigurationPlatforms) = postSolution
		{3EFB2CC9-E6CE-4572-BB46-B27AC35C055E}.Debug|Any CPU.ActiveCfg = Release|Any CPU
		{3EFB2CC9-E6CE-4572-BB46-B27AC35C055E}.Debug|Any CPU.Build.0 = Release|Any CPU
		{3EFB2CC9-E6CE-4572-BB46-B27AC35C055E}.Release|Any CPU.ActiveCfg = Release|Any CPU
		{3EFB2CC9-E6CE-4572-BB46-B27AC35C055E}.Release|Any CPU.Build.0 = Release|Any CPU
		{C599E889-5DCE-4DC0-B747-691D5A8DE046}.Debug|Any CPU.ActiveCfg = Release|Any CPU
		{C599E889-5DCE-4DC0-B747-691D5A8DE046}.Debug|Any CPU.Build.0 = Release|Any CPU
		{C599E889-5DCE-4DC0-B747-691D5A8DE046}.Release|Any CPU.ActiveCfg = Release|Any CPU
		{C599E889-5DCE-4DC0-B747-691D5A8DE046}.Release|Any CPU.Build.0 = Release|Any CPU
	EndGlobalSection
	GlobalSection(SolutionProperties) = preSolution
		HideSolutionNode = FALSE
	EndGlobalSection
	GlobalSection(ExtensibilityGlobals) = postSolution
		SolutionGuid = {6E23384A-2F13-438D-B6D3-99A1E6260EB4}
	EndGlobalSection
	GlobalSection(SharedMSBuildProjectFiles) = preSolution
		Global\Global.projitems*{3efb2cc9-e6ce-4572-bb46-b27ac35c055e}*SharedItemsImports = 5
		Global\Global.projitems*{59c0551e-a72c-49a7-9d79-ebe6d9ea2280}*SharedItemsImports = 13
		Global\Global.projitems*{c599e889-5dce-4dc0-b747-691d5a8de046}*SharedItemsImports = 5
	EndGlobalSection
EndGlobal
